// !$*UTF8*$!
{
	archiveVersion = 1;
	classes = {
	};
	objectVersion = 56;
	objects = {

/* Begin PBXBuildFile section */
		1317D4A42A7186B700122154 /* Stars.sks in Resources */ = {isa = PBXBuildFile; fileRef = 1317D4A32A7186B700122154 /* Stars.sks */; };
		138A59502A5768F6007248FC /* ThrustParticle.sks in Resources */ = {isa = PBXBuildFile; fileRef = 138A594F2A5768F6007248FC /* ThrustParticle.sks */; };
		13B4FBFD2A4B1A1F00D74602 /* Lunar_Pilot_2_0App.swift in Sources */ = {isa = PBXBuildFile; fileRef = 13B4FBFC2A4B1A1F00D74602 /* Lunar_Pilot_2_0App.swift */; };
		13B4FBFF2A4B1A1F00D74602 /* ContentView.swift in Sources */ = {isa = PBXBuildFile; fileRef = 13B4FBFE2A4B1A1F00D74602 /* ContentView.swift */; };
		13B4FC012A4B1A2100D74602 /* Assets.xcassets in Resources */ = {isa = PBXBuildFile; fileRef = 13B4FC002A4B1A2100D74602 /* Assets.xcassets */; };
		13B4FC042A4B1A2100D74602 /* Preview Assets.xcassets in Resources */ = {isa = PBXBuildFile; fileRef = 13B4FC032A4B1A2100D74602 /* Preview Assets.xcassets */; };
		13B4FC0E2A4B1A2200D74602 /* Lunar_Pilot_Tests.swift in Sources */ = {isa = PBXBuildFile; fileRef = 13B4FC0D2A4B1A2200D74602 /* Lunar_Pilot_Tests.swift */; };
		13B4FC182A4B1A2200D74602 /* Lunar_Pilot_UITests.swift in Sources */ = {isa = PBXBuildFile; fileRef = 13B4FC172A4B1A2200D74602 /* Lunar_Pilot_UITests.swift */; };
		13B4FC1A2A4B1A2200D74602 /* Lunar_Pilot_TestsLaunchTests.swift in Sources */ = {isa = PBXBuildFile; fileRef = 13B4FC192A4B1A2200D74602 /* Lunar_Pilot_TestsLaunchTests.swift */; };
		13B4FC272A4B1C2200D74602 /* GameScene.swift in Sources */ = {isa = PBXBuildFile; fileRef = 13B4FC262A4B1C2200D74602 /* GameScene.swift */; };
		13F3F4082A5CA95B0012AE47 /* SpaceMono-Regular.ttf in Resources */ = {isa = PBXBuildFile; fileRef = 13F3F4062A5CA95A0012AE47 /* SpaceMono-Regular.ttf */; };
		13F3F4092A5CA95B0012AE47 /* SpaceMono-Bold.ttf in Resources */ = {isa = PBXBuildFile; fileRef = 13F3F4072A5CA95B0012AE47 /* SpaceMono-Bold.ttf */; };
		13F99EDB2A66FF8E0044FBC5 /* BurstParticle.sks in Resources */ = {isa = PBXBuildFile; fileRef = 13F99EDA2A66FF8E0044FBC5 /* BurstParticle.sks */; };
		13FBECED2A4B894C00074D44 /* CGMath.swift in Sources */ = {isa = PBXBuildFile; fileRef = 13FBECEC2A4B894C00074D44 /* CGMath.swift */; };
		13FBECF12A4C7D2C00074D44 /* CGAudio.swift in Sources */ = {isa = PBXBuildFile; fileRef = 13FBECF02A4C7D2C00074D44 /* CGAudio.swift */; };
/* End PBXBuildFile section */

/* Begin PBXContainerItemProxy section */
		13B4FC0A2A4B1A2200D74602 /* PBXContainerItemProxy */ = {
			isa = PBXContainerItemProxy;
			containerPortal = 13B4FBF12A4B1A1F00D74602 /* Project object */;
			proxyType = 1;
			remoteGlobalIDString = 13B4FBF82A4B1A1F00D74602;
			remoteInfo = "Lunar Pilot 2.0";
		};
		13B4FC142A4B1A2200D74602 /* PBXContainerItemProxy */ = {
			isa = PBXContainerItemProxy;
			containerPortal = 13B4FBF12A4B1A1F00D74602 /* Project object */;
			proxyType = 1;
			remoteGlobalIDString = 13B4FBF82A4B1A1F00D74602;
			remoteInfo = "Lunar Pilot 2.0";
		};
/* End PBXContainerItemProxy section */

/* Begin PBXFileReference section */
		1317D4A32A7186B700122154 /* Stars.sks */ = {isa = PBXFileReference; lastKnownFileType = file.sks; path = Stars.sks; sourceTree = "<group>"; };
		138A594F2A5768F6007248FC /* ThrustParticle.sks */ = {isa = PBXFileReference; lastKnownFileType = file.sks; path = ThrustParticle.sks; sourceTree = "<group>"; };
		13B4FBF92A4B1A1F00D74602 /* Lunar Pilot.app */ = {isa = PBXFileReference; explicitFileType = wrapper.application; includeInIndex = 0; path = "Lunar Pilot.app"; sourceTree = BUILT_PRODUCTS_DIR; };
		13B4FBFC2A4B1A1F00D74602 /* Lunar_Pilot_2_0App.swift */ = {isa = PBXFileReference; lastKnownFileType = sourcecode.swift; path = Lunar_Pilot_2_0App.swift; sourceTree = "<group>"; };
		13B4FBFE2A4B1A1F00D74602 /* ContentView.swift */ = {isa = PBXFileReference; lastKnownFileType = sourcecode.swift; path = ContentView.swift; sourceTree = "<group>"; };
		13B4FC002A4B1A2100D74602 /* Assets.xcassets */ = {isa = PBXFileReference; lastKnownFileType = folder.assetcatalog; path = Assets.xcassets; sourceTree = "<group>"; };
		13B4FC032A4B1A2100D74602 /* Preview Assets.xcassets */ = {isa = PBXFileReference; lastKnownFileType = folder.assetcatalog; path = "Preview Assets.xcassets"; sourceTree = "<group>"; };
		13B4FC092A4B1A2200D74602 /* Lunar PilotTests.xctest */ = {isa = PBXFileReference; explicitFileType = wrapper.cfbundle; includeInIndex = 0; path = "Lunar PilotTests.xctest"; sourceTree = BUILT_PRODUCTS_DIR; };
		13B4FC0D2A4B1A2200D74602 /* Lunar_Pilot_Tests.swift */ = {isa = PBXFileReference; lastKnownFileType = sourcecode.swift; path = Lunar_Pilot_Tests.swift; sourceTree = "<group>"; };
		13B4FC132A4B1A2200D74602 /* Lunar PilotUITests.xctest */ = {isa = PBXFileReference; explicitFileType = wrapper.cfbundle; includeInIndex = 0; path = "Lunar PilotUITests.xctest"; sourceTree = BUILT_PRODUCTS_DIR; };
		13B4FC172A4B1A2200D74602 /* Lunar_Pilot_UITests.swift */ = {isa = PBXFileReference; lastKnownFileType = sourcecode.swift; path = Lunar_Pilot_UITests.swift; sourceTree = "<group>"; };
		13B4FC192A4B1A2200D74602 /* Lunar_Pilot_TestsLaunchTests.swift */ = {isa = PBXFileReference; lastKnownFileType = sourcecode.swift; path = Lunar_Pilot_TestsLaunchTests.swift; sourceTree = "<group>"; };
		13B4FC262A4B1C2200D74602 /* GameScene.swift */ = {isa = PBXFileReference; lastKnownFileType = sourcecode.swift; path = GameScene.swift; sourceTree = "<group>"; };
		13F3F4062A5CA95A0012AE47 /* SpaceMono-Regular.ttf */ = {isa = PBXFileReference; lastKnownFileType = file; path = "SpaceMono-Regular.ttf"; sourceTree = "<group>"; };
		13F3F4072A5CA95B0012AE47 /* SpaceMono-Bold.ttf */ = {isa = PBXFileReference; lastKnownFileType = file; path = "SpaceMono-Bold.ttf"; sourceTree = "<group>"; };
		13F3F40A2A5CA9AE0012AE47 /* Lunar-Pilot-Info.plist */ = {isa = PBXFileReference; lastKnownFileType = text.plist.xml; path = "Lunar-Pilot-Info.plist"; sourceTree = SOURCE_ROOT; };
		13F99EDA2A66FF8E0044FBC5 /* BurstParticle.sks */ = {isa = PBXFileReference; lastKnownFileType = file.sks; path = BurstParticle.sks; sourceTree = "<group>"; };
		13FBECEC2A4B894C00074D44 /* CGMath.swift */ = {isa = PBXFileReference; lastKnownFileType = sourcecode.swift; path = CGMath.swift; sourceTree = "<group>"; };
		13FBECF02A4C7D2C00074D44 /* CGAudio.swift */ = {isa = PBXFileReference; fileEncoding = 4; lastKnownFileType = sourcecode.swift; path = CGAudio.swift; sourceTree = "<group>"; };
/* End PBXFileReference section */

/* Begin PBXFrameworksBuildPhase section */
		13B4FBF62A4B1A1F00D74602 /* Frameworks */ = {
			isa = PBXFrameworksBuildPhase;
			buildActionMask = 2147483647;
			files = (
			);
			runOnlyForDeploymentPostprocessing = 0;
		};
		13B4FC062A4B1A2200D74602 /* Frameworks */ = {
			isa = PBXFrameworksBuildPhase;
			buildActionMask = 2147483647;
			files = (
			);
			runOnlyForDeploymentPostprocessing = 0;
		};
		13B4FC102A4B1A2200D74602 /* Frameworks */ = {
			isa = PBXFrameworksBuildPhase;
			buildActionMask = 2147483647;
			files = (
			);
			runOnlyForDeploymentPostprocessing = 0;
		};
/* End PBXFrameworksBuildPhase section */

/* Begin PBXGroup section */
		1317D4A52A718E8300122154 /* Sprite Assets */ = {
			isa = PBXGroup;
			children = (
				138A594F2A5768F6007248FC /* ThrustParticle.sks */,
				1317D4A32A7186B700122154 /* Stars.sks */,
				13F99EDA2A66FF8E0044FBC5 /* BurstParticle.sks */,
			);
			path = "Sprite Assets";
			sourceTree = "<group>";
		};
		13B4FBF02A4B1A1F00D74602 = {
			isa = PBXGroup;
			children = (
				13B4FBFB2A4B1A1F00D74602 /* Lunar Pilot */,
				13B4FC0C2A4B1A2200D74602 /* Lunar Pilot Tests */,
				13B4FC162A4B1A2200D74602 /* Lunar Pilot UITests */,
				13B4FBFA2A4B1A1F00D74602 /* Products */,
			);
			sourceTree = "<group>";
		};
		13B4FBFA2A4B1A1F00D74602 /* Products */ = {
			isa = PBXGroup;
			children = (
				13B4FBF92A4B1A1F00D74602 /* Lunar Pilot.app */,
				13B4FC092A4B1A2200D74602 /* Lunar PilotTests.xctest */,
				13B4FC132A4B1A2200D74602 /* Lunar PilotUITests.xctest */,
			);
			name = Products;
			sourceTree = "<group>";
		};
		13B4FBFB2A4B1A1F00D74602 /* Lunar Pilot */ = {
			isa = PBXGroup;
			children = (
				13FBECF02A4C7D2C00074D44 /* CGAudio.swift */,
				13B4FBFC2A4B1A1F00D74602 /* Lunar_Pilot_2_0App.swift */,
				13B4FC262A4B1C2200D74602 /* GameScene.swift */,
				13FBECEC2A4B894C00074D44 /* CGMath.swift */,
				13B4FBFE2A4B1A1F00D74602 /* ContentView.swift */,
				13B4FC002A4B1A2100D74602 /* Assets.xcassets */,
				13F3F4052A5CA8510012AE47 /* Fonts */,
				1317D4A52A718E8300122154 /* Sprite Assets */,
				13B4FC022A4B1A2100D74602 /* Preview Content */,
				13F3F40A2A5CA9AE0012AE47 /* Lunar-Pilot-Info.plist */,
			);
			path = "Lunar Pilot";
			sourceTree = "<group>";
		};
		13B4FC022A4B1A2100D74602 /* Preview Content */ = {
			isa = PBXGroup;
			children = (
				13B4FC032A4B1A2100D74602 /* Preview Assets.xcassets */,
			);
			path = "Preview Content";
			sourceTree = "<group>";
		};
		13B4FC0C2A4B1A2200D74602 /* Lunar Pilot Tests */ = {
			isa = PBXGroup;
			children = (
				13B4FC0D2A4B1A2200D74602 /* Lunar_Pilot_Tests.swift */,
			);
			path = "Lunar Pilot Tests";
			sourceTree = "<group>";
		};
		13B4FC162A4B1A2200D74602 /* Lunar Pilot UITests */ = {
			isa = PBXGroup;
			children = (
				13B4FC172A4B1A2200D74602 /* Lunar_Pilot_UITests.swift */,
				13B4FC192A4B1A2200D74602 /* Lunar_Pilot_TestsLaunchTests.swift */,
			);
			path = "Lunar Pilot UITests";
			sourceTree = "<group>";
		};
		13F3F4052A5CA8510012AE47 /* Fonts */ = {
			isa = PBXGroup;
			children = (
				13F3F4072A5CA95B0012AE47 /* SpaceMono-Bold.ttf */,
				13F3F4062A5CA95A0012AE47 /* SpaceMono-Regular.ttf */,
			);
			path = Fonts;
			sourceTree = "<group>";
		};
/* End PBXGroup section */

/* Begin PBXNativeTarget section */
		13B4FBF82A4B1A1F00D74602 /* Lunar Pilot */ = {
			isa = PBXNativeTarget;
			buildConfigurationList = 13B4FC1D2A4B1A2200D74602 /* Build configuration list for PBXNativeTarget "Lunar Pilot" */;
			buildPhases = (
				13B4FBF52A4B1A1F00D74602 /* Sources */,
				13B4FBF62A4B1A1F00D74602 /* Frameworks */,
				13B4FBF72A4B1A1F00D74602 /* Resources */,
			);
			buildRules = (
			);
			dependencies = (
			);
			name = "Lunar Pilot";
			productName = "Lunar Pilot 2.0";
			productReference = 13B4FBF92A4B1A1F00D74602 /* Lunar Pilot.app */;
			productType = "com.apple.product-type.application";
		};
		13B4FC082A4B1A2200D74602 /* Lunar PilotTests */ = {
			isa = PBXNativeTarget;
			buildConfigurationList = 13B4FC202A4B1A2200D74602 /* Build configuration list for PBXNativeTarget "Lunar PilotTests" */;
			buildPhases = (
				13B4FC052A4B1A2200D74602 /* Sources */,
				13B4FC062A4B1A2200D74602 /* Frameworks */,
				13B4FC072A4B1A2200D74602 /* Resources */,
			);
			buildRules = (
			);
			dependencies = (
				13B4FC0B2A4B1A2200D74602 /* PBXTargetDependency */,
			);
			name = "Lunar PilotTests";
			productName = "Lunar Pilot 2.0Tests";
			productReference = 13B4FC092A4B1A2200D74602 /* Lunar PilotTests.xctest */;
			productType = "com.apple.product-type.bundle.unit-test";
		};
		13B4FC122A4B1A2200D74602 /* Lunar PilotUITests */ = {
			isa = PBXNativeTarget;
			buildConfigurationList = 13B4FC232A4B1A2200D74602 /* Build configuration list for PBXNativeTarget "Lunar PilotUITests" */;
			buildPhases = (
				13B4FC0F2A4B1A2200D74602 /* Sources */,
				13B4FC102A4B1A2200D74602 /* Frameworks */,
				13B4FC112A4B1A2200D74602 /* Resources */,
			);
			buildRules = (
			);
			dependencies = (
				13B4FC152A4B1A2200D74602 /* PBXTargetDependency */,
			);
			name = "Lunar PilotUITests";
			productName = "Lunar Pilot 2.0UITests";
			productReference = 13B4FC132A4B1A2200D74602 /* Lunar PilotUITests.xctest */;
			productType = "com.apple.product-type.bundle.ui-testing";
		};
/* End PBXNativeTarget section */

/* Begin PBXProject section */
		13B4FBF12A4B1A1F00D74602 /* Project object */ = {
			isa = PBXProject;
			attributes = {
				BuildIndependentTargetsInParallel = 1;
				LastSwiftUpdateCheck = 1430;
				LastUpgradeCheck = 1430;
				TargetAttributes = {
					13B4FBF82A4B1A1F00D74602 = {
						CreatedOnToolsVersion = 14.3;
					};
					13B4FC082A4B1A2200D74602 = {
						CreatedOnToolsVersion = 14.3;
						TestTargetID = 13B4FBF82A4B1A1F00D74602;
					};
					13B4FC122A4B1A2200D74602 = {
						CreatedOnToolsVersion = 14.3;
						TestTargetID = 13B4FBF82A4B1A1F00D74602;
					};
				};
			};
			buildConfigurationList = 13B4FBF42A4B1A1F00D74602 /* Build configuration list for PBXProject "Lunar Pilot" */;
			compatibilityVersion = "Xcode 14.0";
			developmentRegion = en;
			hasScannedForEncodings = 0;
			knownRegions = (
				en,
				Base,
			);
			mainGroup = 13B4FBF02A4B1A1F00D74602;
			productRefGroup = 13B4FBFA2A4B1A1F00D74602 /* Products */;
			projectDirPath = "";
			projectRoot = "";
			targets = (
				13B4FBF82A4B1A1F00D74602 /* Lunar Pilot */,
				13B4FC082A4B1A2200D74602 /* Lunar PilotTests */,
				13B4FC122A4B1A2200D74602 /* Lunar PilotUITests */,
			);
		};
/* End PBXProject section */

/* Begin PBXResourcesBuildPhase section */
		13B4FBF72A4B1A1F00D74602 /* Resources */ = {
			isa = PBXResourcesBuildPhase;
			buildActionMask = 2147483647;
			files = (
				13B4FC042A4B1A2100D74602 /* Preview Assets.xcassets in Resources */,
				13F3F4092A5CA95B0012AE47 /* SpaceMono-Bold.ttf in Resources */,
				1317D4A42A7186B700122154 /* Stars.sks in Resources */,
				13F3F4082A5CA95B0012AE47 /* SpaceMono-Regular.ttf in Resources */,
				13B4FC012A4B1A2100D74602 /* Assets.xcassets in Resources */,
				13F99EDB2A66FF8E0044FBC5 /* BurstParticle.sks in Resources */,
				138A59502A5768F6007248FC /* ThrustParticle.sks in Resources */,
			);
			runOnlyForDeploymentPostprocessing = 0;
		};
		13B4FC072A4B1A2200D74602 /* Resources */ = {
			isa = PBXResourcesBuildPhase;
			buildActionMask = 2147483647;
			files = (
			);
			runOnlyForDeploymentPostprocessing = 0;
		};
		13B4FC112A4B1A2200D74602 /* Resources */ = {
			isa = PBXResourcesBuildPhase;
			buildActionMask = 2147483647;
			files = (
			);
			runOnlyForDeploymentPostprocessing = 0;
		};
/* End PBXResourcesBuildPhase section */

/* Begin PBXSourcesBuildPhase section */
		13B4FBF52A4B1A1F00D74602 /* Sources */ = {
			isa = PBXSourcesBuildPhase;
			buildActionMask = 2147483647;
			files = (
				13B4FC272A4B1C2200D74602 /* GameScene.swift in Sources */,
				13B4FBFF2A4B1A1F00D74602 /* ContentView.swift in Sources */,
				13FBECF12A4C7D2C00074D44 /* CGAudio.swift in Sources */,
				13B4FBFD2A4B1A1F00D74602 /* Lunar_Pilot_2_0App.swift in Sources */,
				13FBECED2A4B894C00074D44 /* CGMath.swift in Sources */,
			);
			runOnlyForDeploymentPostprocessing = 0;
		};
		13B4FC052A4B1A2200D74602 /* Sources */ = {
			isa = PBXSourcesBuildPhase;
			buildActionMask = 2147483647;
			files = (
				13B4FC0E2A4B1A2200D74602 /* Lunar_Pilot_Tests.swift in Sources */,
			);
			runOnlyForDeploymentPostprocessing = 0;
		};
		13B4FC0F2A4B1A2200D74602 /* Sources */ = {
			isa = PBXSourcesBuildPhase;
			buildActionMask = 2147483647;
			files = (
				13B4FC1A2A4B1A2200D74602 /* Lunar_Pilot_TestsLaunchTests.swift in Sources */,
				13B4FC182A4B1A2200D74602 /* Lunar_Pilot_UITests.swift in Sources */,
			);
			runOnlyForDeploymentPostprocessing = 0;
		};
/* End PBXSourcesBuildPhase section */

/* Begin PBXTargetDependency section */
		13B4FC0B2A4B1A2200D74602 /* PBXTargetDependency */ = {
			isa = PBXTargetDependency;
			target = 13B4FBF82A4B1A1F00D74602 /* Lunar Pilot */;
			targetProxy = 13B4FC0A2A4B1A2200D74602 /* PBXContainerItemProxy */;
		};
		13B4FC152A4B1A2200D74602 /* PBXTargetDependency */ = {
			isa = PBXTargetDependency;
			target = 13B4FBF82A4B1A1F00D74602 /* Lunar Pilot */;
			targetProxy = 13B4FC142A4B1A2200D74602 /* PBXContainerItemProxy */;
		};
/* End PBXTargetDependency section */

/* Begin XCBuildConfiguration section */
		13B4FC1B2A4B1A2200D74602 /* Debug */ = {
			isa = XCBuildConfiguration;
			buildSettings = {
				ALWAYS_SEARCH_USER_PATHS = NO;
				CLANG_ANALYZER_NONNULL = YES;
				CLANG_ANALYZER_NUMBER_OBJECT_CONVERSION = YES_AGGRESSIVE;
				CLANG_CXX_LANGUAGE_STANDARD = "gnu++20";
				CLANG_ENABLE_MODULES = YES;
				CLANG_ENABLE_OBJC_ARC = YES;
				CLANG_ENABLE_OBJC_WEAK = YES;
				CLANG_WARN_BLOCK_CAPTURE_AUTORELEASING = YES;
				CLANG_WARN_BOOL_CONVERSION = YES;
				CLANG_WARN_COMMA = YES;
				CLANG_WARN_CONSTANT_CONVERSION = YES;
				CLANG_WARN_DEPRECATED_OBJC_IMPLEMENTATIONS = YES;
				CLANG_WARN_DIRECT_OBJC_ISA_USAGE = YES_ERROR;
				CLANG_WARN_DOCUMENTATION_COMMENTS = YES;
				CLANG_WARN_EMPTY_BODY = YES;
				CLANG_WARN_ENUM_CONVERSION = YES;
				CLANG_WARN_INFINITE_RECURSION = YES;
				CLANG_WARN_INT_CONVERSION = YES;
				CLANG_WARN_NON_LITERAL_NULL_CONVERSION = YES;
				CLANG_WARN_OBJC_IMPLICIT_RETAIN_SELF = YES;
				CLANG_WARN_OBJC_LITERAL_CONVERSION = YES;
				CLANG_WARN_OBJC_ROOT_CLASS = YES_ERROR;
				CLANG_WARN_QUOTED_INCLUDE_IN_FRAMEWORK_HEADER = YES;
				CLANG_WARN_RANGE_LOOP_ANALYSIS = YES;
				CLANG_WARN_STRICT_PROTOTYPES = YES;
				CLANG_WARN_SUSPICIOUS_MOVE = YES;
				CLANG_WARN_UNGUARDED_AVAILABILITY = YES_AGGRESSIVE;
				CLANG_WARN_UNREACHABLE_CODE = YES;
				CLANG_WARN__DUPLICATE_METHOD_MATCH = YES;
				COPY_PHASE_STRIP = NO;
				DEBUG_INFORMATION_FORMAT = dwarf;
				ENABLE_STRICT_OBJC_MSGSEND = YES;
				ENABLE_TESTABILITY = YES;
				GCC_C_LANGUAGE_STANDARD = gnu11;
				GCC_DYNAMIC_NO_PIC = NO;
				GCC_NO_COMMON_BLOCKS = YES;
				GCC_OPTIMIZATION_LEVEL = 0;
				GCC_PREPROCESSOR_DEFINITIONS = (
					"DEBUG=1",
					"$(inherited)",
				);
				GCC_WARN_64_TO_32_BIT_CONVERSION = YES;
				GCC_WARN_ABOUT_RETURN_TYPE = YES_ERROR;
				GCC_WARN_UNDECLARED_SELECTOR = YES;
				GCC_WARN_UNINITIALIZED_AUTOS = YES_AGGRESSIVE;
				GCC_WARN_UNUSED_FUNCTION = YES;
				GCC_WARN_UNUSED_VARIABLE = YES;
				IPHONEOS_DEPLOYMENT_TARGET = 16.4;
				MTL_ENABLE_DEBUG_INFO = INCLUDE_SOURCE;
				MTL_FAST_MATH = YES;
				ONLY_ACTIVE_ARCH = YES;
				SDKROOT = iphoneos;
				SWIFT_ACTIVE_COMPILATION_CONDITIONS = DEBUG;
				SWIFT_OPTIMIZATION_LEVEL = "-Onone";
			};
			name = Debug;
		};
		13B4FC1C2A4B1A2200D74602 /* Release */ = {
			isa = XCBuildConfiguration;
			buildSettings = {
				ALWAYS_SEARCH_USER_PATHS = NO;
				CLANG_ANALYZER_NONNULL = YES;
				CLANG_ANALYZER_NUMBER_OBJECT_CONVERSION = YES_AGGRESSIVE;
				CLANG_CXX_LANGUAGE_STANDARD = "gnu++20";
				CLANG_ENABLE_MODULES = YES;
				CLANG_ENABLE_OBJC_ARC = YES;
				CLANG_ENABLE_OBJC_WEAK = YES;
				CLANG_WARN_BLOCK_CAPTURE_AUTORELEASING = YES;
				CLANG_WARN_BOOL_CONVERSION = YES;
				CLANG_WARN_COMMA = YES;
				CLANG_WARN_CONSTANT_CONVERSION = YES;
				CLANG_WARN_DEPRECATED_OBJC_IMPLEMENTATIONS = YES;
				CLANG_WARN_DIRECT_OBJC_ISA_USAGE = YES_ERROR;
				CLANG_WARN_DOCUMENTATION_COMMENTS = YES;
				CLANG_WARN_EMPTY_BODY = YES;
				CLANG_WARN_ENUM_CONVERSION = YES;
				CLANG_WARN_INFINITE_RECURSION = YES;
				CLANG_WARN_INT_CONVERSION = YES;
				CLANG_WARN_NON_LITERAL_NULL_CONVERSION = YES;
				CLANG_WARN_OBJC_IMPLICIT_RETAIN_SELF = YES;
				CLANG_WARN_OBJC_LITERAL_CONVERSION = YES;
				CLANG_WARN_OBJC_ROOT_CLASS = YES_ERROR;
				CLANG_WARN_QUOTED_INCLUDE_IN_FRAMEWORK_HEADER = YES;
				CLANG_WARN_RANGE_LOOP_ANALYSIS = YES;
				CLANG_WARN_STRICT_PROTOTYPES = YES;
				CLANG_WARN_SUSPICIOUS_MOVE = YES;
				CLANG_WARN_UNGUARDED_AVAILABILITY = YES_AGGRESSIVE;
				CLANG_WARN_UNREACHABLE_CODE = YES;
				CLANG_WARN__DUPLICATE_METHOD_MATCH = YES;
				COPY_PHASE_STRIP = NO;
				DEBUG_INFORMATION_FORMAT = "dwarf-with-dsym";
				ENABLE_NS_ASSERTIONS = NO;
				ENABLE_STRICT_OBJC_MSGSEND = YES;
				GCC_C_LANGUAGE_STANDARD = gnu11;
				GCC_NO_COMMON_BLOCKS = YES;
				GCC_WARN_64_TO_32_BIT_CONVERSION = YES;
				GCC_WARN_ABOUT_RETURN_TYPE = YES_ERROR;
				GCC_WARN_UNDECLARED_SELECTOR = YES;
				GCC_WARN_UNINITIALIZED_AUTOS = YES_AGGRESSIVE;
				GCC_WARN_UNUSED_FUNCTION = YES;
				GCC_WARN_UNUSED_VARIABLE = YES;
				IPHONEOS_DEPLOYMENT_TARGET = 16.4;
				MTL_ENABLE_DEBUG_INFO = NO;
				MTL_FAST_MATH = YES;
				SDKROOT = iphoneos;
				SWIFT_COMPILATION_MODE = wholemodule;
				SWIFT_OPTIMIZATION_LEVEL = "-O";
				VALIDATE_PRODUCT = YES;
			};
			name = Release;
		};
		13B4FC1E2A4B1A2200D74602 /* Debug */ = {
			isa = XCBuildConfiguration;
			buildSettings = {
				ASSETCATALOG_COMPILER_APPICON_NAME = AppIcon;
				ASSETCATALOG_COMPILER_GLOBAL_ACCENT_COLOR_NAME = AccentColor;
				CODE_SIGN_STYLE = Automatic;
				CURRENT_PROJECT_VERSION = 1;
				DEVELOPMENT_ASSET_PATHS = "\"Lunar Pilot/Preview Content\"";
				DEVELOPMENT_TEAM = WQTR3TXTMH;
				ENABLE_PREVIEWS = YES;
				GENERATE_INFOPLIST_FILE = YES;
				INFOPLIST_FILE = "Lunar-Pilot-Info.plist";
				INFOPLIST_KEY_CFBundleDisplayName = "Lunar Pilot";
				INFOPLIST_KEY_UIApplicationSceneManifest_Generation = YES;
				INFOPLIST_KEY_UIApplicationSupportsIndirectInputEvents = YES;
				INFOPLIST_KEY_UIStatusBarStyle = "";
				INFOPLIST_KEY_UISupportedInterfaceOrientations_iPad = "UIInterfaceOrientationPortrait UIInterfaceOrientationPortraitUpsideDown UIInterfaceOrientationLandscapeLeft UIInterfaceOrientationLandscapeRight";
				INFOPLIST_KEY_UISupportedInterfaceOrientations_iPhone = UIInterfaceOrientationPortrait;
				LD_RUNPATH_SEARCH_PATHS = (
					"$(inherited)",
					"@executable_path/Frameworks",
				);
				MARKETING_VERSION = 0.1;
				PRODUCT_BUNDLE_IDENTIFIER = "com.AustinGuevara.Lunar-Pilot";
				PRODUCT_NAME = "$(TARGET_NAME)";
				SWIFT_EMIT_LOC_STRINGS = YES;
				SWIFT_VERSION = 5.0;
				TARGETED_DEVICE_FAMILY = "1,2";
			};
			name = Debug;
		};
		13B4FC1F2A4B1A2200D74602 /* Release */ = {
			isa = XCBuildConfiguration;
			buildSettings = {
				ASSETCATALOG_COMPILER_APPICON_NAME = AppIcon;
				ASSETCATALOG_COMPILER_GLOBAL_ACCENT_COLOR_NAME = AccentColor;
				CODE_SIGN_STYLE = Automatic;
				CURRENT_PROJECT_VERSION = 1;
				DEVELOPMENT_ASSET_PATHS = "\"Lunar Pilot/Preview Content\"";
				DEVELOPMENT_TEAM = WQTR3TXTMH;
				ENABLE_PREVIEWS = YES;
				GENERATE_INFOPLIST_FILE = YES;
				INFOPLIST_FILE = "Lunar-Pilot-Info.plist";
				INFOPLIST_KEY_CFBundleDisplayName = "Lunar Pilot";
				INFOPLIST_KEY_UIApplicationSceneManifest_Generation = YES;
				INFOPLIST_KEY_UIApplicationSupportsIndirectInputEvents = YES;
				INFOPLIST_KEY_UIStatusBarStyle = "";
				INFOPLIST_KEY_UISupportedInterfaceOrientations_iPad = "UIInterfaceOrientationPortrait UIInterfaceOrientationPortraitUpsideDown UIInterfaceOrientationLandscapeLeft UIInterfaceOrientationLandscapeRight";
				INFOPLIST_KEY_UISupportedInterfaceOrientations_iPhone = UIInterfaceOrientationPortrait;
				LD_RUNPATH_SEARCH_PATHS = (
					"$(inherited)",
					"@executable_path/Frameworks",
				);
				MARKETING_VERSION = 0.1;
				PRODUCT_BUNDLE_IDENTIFIER = "com.AustinGuevara.Lunar-Pilot";
				PRODUCT_NAME = "$(TARGET_NAME)";
				SWIFT_EMIT_LOC_STRINGS = YES;
				SWIFT_VERSION = 5.0;
				TARGETED_DEVICE_FAMILY = "1,2";
			};
			name = Release;
		};
		13B4FC212A4B1A2200D74602 /* Debug */ = {
			isa = XCBuildConfiguration;
			buildSettings = {
				ALWAYS_EMBED_SWIFT_STANDARD_LIBRARIES = YES;
				BUNDLE_LOADER = "$(TEST_HOST)";
				CODE_SIGN_STYLE = Automatic;
				CURRENT_PROJECT_VERSION = 1;
				DEVELOPMENT_TEAM = WQTR3TXTMH;
				GENERATE_INFOPLIST_FILE = YES;
				IPHONEOS_DEPLOYMENT_TARGET = 16.4;
				MARKETING_VERSION = 1.0;
				PRODUCT_BUNDLE_IDENTIFIER = "com.AustinGuevara.Lunar-Pilot-2-0Tests";
				PRODUCT_NAME = "$(TARGET_NAME)";
				SWIFT_EMIT_LOC_STRINGS = NO;
				SWIFT_VERSION = 5.0;
				TARGETED_DEVICE_FAMILY = "1,2";
				TEST_HOST = "$(BUILT_PRODUCTS_DIR)/Lunar Pilot.app/$(BUNDLE_EXECUTABLE_FOLDER_PATH)/Lunar Pilot";
			};
			name = Debug;
		};
		13B4FC222A4B1A2200D74602 /* Release */ = {
			isa = XCBuildConfiguration;
			buildSettings = {
				ALWAYS_EMBED_SWIFT_STANDARD_LIBRARIES = YES;
				BUNDLE_LOADER = "$(TEST_HOST)";
				CODE_SIGN_STYLE = Automatic;
				CURRENT_PROJECT_VERSION = 1;
				DEVELOPMENT_TEAM = WQTR3TXTMH;
				GENERATE_INFOPLIST_FILE = YES;
				IPHONEOS_DEPLOYMENT_TARGET = 16.4;
				MARKETING_VERSION = 1.0;
				PRODUCT_BUNDLE_IDENTIFIER = "com.AustinGuevara.Lunar-Pilot-2-0Tests";
				PRODUCT_NAME = "$(TARGET_NAME)";
				SWIFT_EMIT_LOC_STRINGS = NO;
				SWIFT_VERSION = 5.0;
				TARGETED_DEVICE_FAMILY = "1,2";
				TEST_HOST = "$(BUILT_PRODUCTS_DIR)/Lunar Pilot.app/$(BUNDLE_EXECUTABLE_FOLDER_PATH)/Lunar Pilot";
			};
			name = Release;
		};
		13B4FC242A4B1A2200D74602 /* Debug */ = {
			isa = XCBuildConfiguration;
			buildSettings = {
				ALWAYS_EMBED_SWIFT_STANDARD_LIBRARIES = YES;
				CODE_SIGN_STYLE = Automatic;
				CURRENT_PROJECT_VERSION = 1;
				DEVELOPMENT_TEAM = WQTR3TXTMH;
				GENERATE_INFOPLIST_FILE = YES;
				MARKETING_VERSION = 1.0;
				PRODUCT_BUNDLE_IDENTIFIER = "com.AustinGuevara.Lunar-Pilot-2-0UITests";
				PRODUCT_NAME = "$(TARGET_NAME)";
				SWIFT_EMIT_LOC_STRINGS = NO;
				SWIFT_VERSION = 5.0;
				TARGETED_DEVICE_FAMILY = "1,2";
				TEST_TARGET_NAME = "Lunar Pilot 2.0";
			};
			name = Debug;
		};
		13B4FC252A4B1A2200D74602 /* Release */ = {
			isa = XCBuildConfiguration;
			buildSettings = {
				ALWAYS_EMBED_SWIFT_STANDARD_LIBRARIES = YES;
				CODE_SIGN_STYLE = Automatic;
				CURRENT_PROJECT_VERSION = 1;
				DEVELOPMENT_TEAM = WQTR3TXTMH;
				GENERATE_INFOPLIST_FILE = YES;
				MARKETING_VERSION = 1.0;
				PRODUCT_BUNDLE_IDENTIFIER = "com.AustinGuevara.Lunar-Pilot-2-0UITests";
				PRODUCT_NAME = "$(TARGET_NAME)";
				SWIFT_EMIT_LOC_STRINGS = NO;
				SWIFT_VERSION = 5.0;
				TARGETED_DEVICE_FAMILY = "1,2";
				TEST_TARGET_NAME = "Lunar Pilot 2.0";
			};
			name = Release;
		};
/* End XCBuildConfiguration section */

/* Begin XCConfigurationList section */
		13B4FBF42A4B1A1F00D74602 /* Build configuration list for PBXProject "Lunar Pilot" */ = {
			isa = XCConfigurationList;
			buildConfigurations = (
				13B4FC1B2A4B1A2200D74602 /* Debug */,
				13B4FC1C2A4B1A2200D74602 /* Release */,
			);
			defaultConfigurationIsVisible = 0;
			defaultConfigurationName = Release;
		};
		13B4FC1D2A4B1A2200D74602 /* Build configuration list for PBXNativeTarget "Lunar Pilot" */ = {
			isa = XCConfigurationList;
			buildConfigurations = (
				13B4FC1E2A4B1A2200D74602 /* Debug */,
				13B4FC1F2A4B1A2200D74602 /* Release */,
			);
			defaultConfigurationIsVisible = 0;
			defaultConfigurationName = Release;
		};
		13B4FC202A4B1A2200D74602 /* Build configuration list for PBXNativeTarget "Lunar PilotTests" */ = {
			isa = XCConfigurationList;
			buildConfigurations = (
				13B4FC212A4B1A2200D74602 /* Debug */,
				13B4FC222A4B1A2200D74602 /* Release */,
			);
			defaultConfigurationIsVisible = 0;
			defaultConfigurationName = Release;
		};
		13B4FC232A4B1A2200D74602 /* Build configuration list for PBXNativeTarget "Lunar PilotUITests" */ = {
			isa = XCConfigurationList;
			buildConfigurations = (
				13B4FC242A4B1A2200D74602 /* Debug */,
				13B4FC252A4B1A2200D74602 /* Release */,
			);
			defaultConfigurationIsVisible = 0;
			defaultConfigurationName = Release;
		};
/* End XCConfigurationList section */
	};
	rootObject = 13B4FBF12A4B1A1F00D74602 /* Project object */;
}
